// !$*UTF8*$!
{
	archiveVersion = 1;
	classes = {
	};
	objectVersion = 56;
	objects = {

/* Begin PBXBuildFile section */
		D555193E2D0305920056FEE9 /* AppDelegate.swift in Sources */ = {isa = PBXBuildFile; fileRef = D555193D2D0305920056FEE9 /* AppDelegate.swift */; };
		D55519402D0305920056FEE9 /* SceneDelegate.swift in Sources */ = {isa = PBXBuildFile; fileRef = D555193F2D0305920056FEE9 /* SceneDelegate.swift */; };
		D55519422D0305920056FEE9 /* ViewController.swift in Sources */ = {isa = PBXBuildFile; fileRef = D55519412D0305920056FEE9 /* ViewController.swift */; };
		D55519452D0305920056FEE9 /* Base in Resources */ = {isa = PBXBuildFile; fileRef = D55519442D0305920056FEE9 /* Base */; };
		D55519472D0305930056FEE9 /* Assets.xcassets in Resources */ = {isa = PBXBuildFile; fileRef = D55519462D0305930056FEE9 /* Assets.xcassets */; };
		D555194A2D0305930056FEE9 /* Base in Resources */ = {isa = PBXBuildFile; fileRef = D55519492D0305930056FEE9 /* Base */; };
		D55519552D0305930056FEE9 /* FetchDataProject2222Tests.swift in Sources */ = {isa = PBXBuildFile; fileRef = D55519542D0305930056FEE9 /* FetchDataProject2222Tests.swift */; };
		D555195F2D0305930056FEE9 /* FetchDataProject2222UITests.swift in Sources */ = {isa = PBXBuildFile; fileRef = D555195E2D0305930056FEE9 /* FetchDataProject2222UITests.swift */; };
		D55519612D0305930056FEE9 /* FetchDataProject2222UITestsLaunchTests.swift in Sources */ = {isa = PBXBuildFile; fileRef = D55519602D0305930056FEE9 /* FetchDataProject2222UITestsLaunchTests.swift */; };
		D555196E2D0307AC0056FEE9 /* MovieData.swift in Sources */ = {isa = PBXBuildFile; fileRef = D555196D2D0307AC0056FEE9 /* MovieData.swift */; };
/* End PBXBuildFile section */

/* Begin PBXContainerItemProxy section */
		D55519512D0305930056FEE9 /* PBXContainerItemProxy */ = {
			isa = PBXContainerItemProxy;
			containerPortal = D55519322D0305910056FEE9 /* Project object */;
			proxyType = 1;
			remoteGlobalIDString = D55519392D0305920056FEE9;
			remoteInfo = FetchDataProject2222;
		};
		D555195B2D0305930056FEE9 /* PBXContainerItemProxy */ = {
			isa = PBXContainerItemProxy;
			containerPortal = D55519322D0305910056FEE9 /* Project object */;
			proxyType = 1;
			remoteGlobalIDString = D55519392D0305920056FEE9;
			remoteInfo = FetchDataProject2222;
		};
/* End PBXContainerItemProxy section */

/* Begin PBXFileReference section */
		D555193A2D0305920056FEE9 /* FetchDataProject2222.app */ = {isa = PBXFileReference; explicitFileType = wrapper.application; includeInIndex = 0; path = FetchDataProject2222.app; sourceTree = BUILT_PRODUCTS_DIR; };
		D555193D2D0305920056FEE9 /* AppDelegate.swift */ = {isa = PBXFileReference; lastKnownFileType = sourcecode.swift; path = AppDelegate.swift; sourceTree = "<group>"; };
		D555193F2D0305920056FEE9 /* SceneDelegate.swift */ = {isa = PBXFileReference; lastKnownFileType = sourcecode.swift; path = SceneDelegate.swift; sourceTree = "<group>"; };
		D55519412D0305920056FEE9 /* ViewController.swift */ = {isa = PBXFileReference; lastKnownFileType = sourcecode.swift; path = ViewController.swift; sourceTree = "<group>"; };
		D55519442D0305920056FEE9 /* Base */ = {isa = PBXFileReference; lastKnownFileType = file.storyboard; name = Base; path = Base.lproj/Main.storyboard; sourceTree = "<group>"; };
		D55519462D0305930056FEE9 /* Assets.xcassets */ = {isa = PBXFileReference; lastKnownFileType = folder.assetcatalog; path = Assets.xcassets; sourceTree = "<group>"; };
		D55519492D0305930056FEE9 /* Base */ = {isa = PBXFileReference; lastKnownFileType = file.storyboard; name = Base; path = Base.lproj/LaunchScreen.storyboard; sourceTree = "<group>"; };
		D555194B2D0305930056FEE9 /* Info.plist */ = {isa = PBXFileReference; lastKnownFileType = text.plist.xml; path = Info.plist; sourceTree = "<group>"; };
		D55519502D0305930056FEE9 /* FetchDataProject2222Tests.xctest */ = {isa = PBXFileReference; explicitFileType = wrapper.cfbundle; includeInIndex = 0; path = FetchDataProject2222Tests.xctest; sourceTree = BUILT_PRODUCTS_DIR; };
		D55519542D0305930056FEE9 /* FetchDataProject2222Tests.swift */ = {isa = PBXFileReference; lastKnownFileType = sourcecode.swift; path = FetchDataProject2222Tests.swift; sourceTree = "<group>"; };
		D555195A2D0305930056FEE9 /* FetchDataProject2222UITests.xctest */ = {isa = PBXFileReference; explicitFileType = wrapper.cfbundle; includeInIndex = 0; path = FetchDataProject2222UITests.xctest; sourceTree = BUILT_PRODUCTS_DIR; };
		D555195E2D0305930056FEE9 /* FetchDataProject2222UITests.swift */ = {isa = PBXFileReference; lastKnownFileType = sourcecode.swift; path = FetchDataProject2222UITests.swift; sourceTree = "<group>"; };
		D55519602D0305930056FEE9 /* FetchDataProject2222UITestsLaunchTests.swift */ = {isa = PBXFileReference; lastKnownFileType = sourcecode.swift; path = FetchDataProject2222UITestsLaunchTests.swift; sourceTree = "<group>"; };
		D555196D2D0307AC0056FEE9 /* MovieData.swift */ = {isa = PBXFileReference; lastKnownFileType = sourcecode.swift; path = MovieData.swift; sourceTree = "<group>"; };
/* End PBXFileReference section */

/* Begin PBXFrameworksBuildPhase section */
		D55519372D0305920056FEE9 /* Frameworks */ = {
			isa = PBXFrameworksBuildPhase;
			buildActionMask = 2147483647;
			files = (
			);
			runOnlyForDeploymentPostprocessing = 0;
		};
		D555194D2D0305930056FEE9 /* Frameworks */ = {
			isa = PBXFrameworksBuildPhase;
			buildActionMask = 2147483647;
			files = (
			);
			runOnlyForDeploymentPostprocessing = 0;
		};
		D55519572D0305930056FEE9 /* Frameworks */ = {
			isa = PBXFrameworksBuildPhase;
			buildActionMask = 2147483647;
			files = (
			);
			runOnlyForDeploymentPostprocessing = 0;
		};
/* End PBXFrameworksBuildPhase section */

/* Begin PBXGroup section */
		D55519312D0305910056FEE9 = {
			isa = PBXGroup;
			children = (
				D555193C2D0305920056FEE9 /* FetchDataProject2222 */,
				D55519532D0305930056FEE9 /* FetchDataProject2222Tests */,
				D555195D2D0305930056FEE9 /* FetchDataProject2222UITests */,
				D555193B2D0305920056FEE9 /* Products */,
			);
			sourceTree = "<group>";
		};
		D555193B2D0305920056FEE9 /* Products */ = {
			isa = PBXGroup;
			children = (
				D555193A2D0305920056FEE9 /* FetchDataProject2222.app */,
				D55519502D0305930056FEE9 /* FetchDataProject2222Tests.xctest */,
				D555195A2D0305930056FEE9 /* FetchDataProject2222UITests.xctest */,
			);
			name = Products;
			sourceTree = "<group>";
		};
		D555193C2D0305920056FEE9 /* FetchDataProject2222 */ = {
			isa = PBXGroup;
			children = (
				D555193D2D0305920056FEE9 /* AppDelegate.swift */,
				D555193F2D0305920056FEE9 /* SceneDelegate.swift */,
				D55519412D0305920056FEE9 /* ViewController.swift */,
				D555196D2D0307AC0056FEE9 /* MovieData.swift */,
				D55519432D0305920056FEE9 /* Main.storyboard */,
				D55519462D0305930056FEE9 /* Assets.xcassets */,
				D55519482D0305930056FEE9 /* LaunchScreen.storyboard */,
				D555194B2D0305930056FEE9 /* Info.plist */,
			);
			path = FetchDataProject2222;
			sourceTree = "<group>";
		};
		D55519532D0305930056FEE9 /* FetchDataProject2222Tests */ = {
			isa = PBXGroup;
			children = (
				D55519542D0305930056FEE9 /* FetchDataProject2222Tests.swift */,
			);
			path = FetchDataProject2222Tests;
			sourceTree = "<group>";
		};
		D555195D2D0305930056FEE9 /* FetchDataProject2222UITests */ = {
			isa = PBXGroup;
			children = (
				D555195E2D0305930056FEE9 /* FetchDataProject2222UITests.swift */,
				D55519602D0305930056FEE9 /* FetchDataProject2222UITestsLaunchTests.swift */,
			);
			path = FetchDataProject2222UITests;
			sourceTree = "<group>";
		};
/* End PBXGroup section */

/* Begin PBXNativeTarget section */
		D55519392D0305920056FEE9 /* FetchDataProject2222 */ = {
			isa = PBXNativeTarget;
			buildConfigurationList = D55519642D0305930056FEE9 /* Build configuration list for PBXNativeTarget "FetchDataProject2222" */;
			buildPhases = (
				D55519362D0305920056FEE9 /* Sources */,
				D55519372D0305920056FEE9 /* Frameworks */,
				D55519382D0305920056FEE9 /* Resources */,
			);
			buildRules = (
			);
			dependencies = (
			);
			name = FetchDataProject2222;
			productName = FetchDataProject2222;
			productReference = D555193A2D0305920056FEE9 /* FetchDataProject2222.app */;
			productType = "com.apple.product-type.application";
		};
		D555194F2D0305930056FEE9 /* FetchDataProject2222Tests */ = {
			isa = PBXNativeTarget;
			buildConfigurationList = D55519672D0305930056FEE9 /* Build configuration list for PBXNativeTarget "FetchDataProject2222Tests" */;
			buildPhases = (
				D555194C2D0305930056FEE9 /* Sources */,
				D555194D2D0305930056FEE9 /* Frameworks */,
				D555194E2D0305930056FEE9 /* Resources */,
			);
			buildRules = (
			);
			dependencies = (
				D55519522D0305930056FEE9 /* PBXTargetDependency */,
			);
			name = FetchDataProject2222Tests;
			productName = FetchDataProject2222Tests;
			productReference = D55519502D0305930056FEE9 /* FetchDataProject2222Tests.xctest */;
			productType = "com.apple.product-type.bundle.unit-test";
		};
		D55519592D0305930056FEE9 /* FetchDataProject2222UITests */ = {
			isa = PBXNativeTarget;
			buildConfigurationList = D555196A2D0305930056FEE9 /* Build configuration list for PBXNativeTarget "FetchDataProject2222UITests" */;
			buildPhases = (
				D55519562D0305930056FEE9 /* Sources */,
				D55519572D0305930056FEE9 /* Frameworks */,
				D55519582D0305930056FEE9 /* Resources */,
			);
			buildRules = (
			);
			dependencies = (
				D555195C2D0305930056FEE9 /* PBXTargetDependency */,
			);
			name = FetchDataProject2222UITests;
			productName = FetchDataProject2222UITests;
			productReference = D555195A2D0305930056FEE9 /* FetchDataProject2222UITests.xctest */;
			productType = "com.apple.product-type.bundle.ui-testing";
		};
/* End PBXNativeTarget section */

/* Begin PBXProject section */
		D55519322D0305910056FEE9 /* Project object */ = {
			isa = PBXProject;
			attributes = {
				BuildIndependentTargetsInParallel = 1;
				LastSwiftUpdateCheck = 1540;
				LastUpgradeCheck = 1540;
				TargetAttributes = {
					D55519392D0305920056FEE9 = {
						CreatedOnToolsVersion = 15.4;
					};
					D555194F2D0305930056FEE9 = {
						CreatedOnToolsVersion = 15.4;
						TestTargetID = D55519392D0305920056FEE9;
					};
					D55519592D0305930056FEE9 = {
						CreatedOnToolsVersion = 15.4;
						TestTargetID = D55519392D0305920056FEE9;
					};
				};
			};
			buildConfigurationList = D55519352D0305910056FEE9 /* Build configuration list for PBXProject "FetchDataProject2222" */;
			compatibilityVersion = "Xcode 14.0";
			developmentRegion = en;
			hasScannedForEncodings = 0;
			knownRegions = (
				en,
				Base,
			);
			mainGroup = D55519312D0305910056FEE9;
			productRefGroup = D555193B2D0305920056FEE9 /* Products */;
			projectDirPath = "";
			projectRoot = "";
			targets = (
				D55519392D0305920056FEE9 /* FetchDataProject2222 */,
				D555194F2D0305930056FEE9 /* FetchDataProject2222Tests */,
				D55519592D0305930056FEE9 /* FetchDataProject2222UITests */,
			);
		};
/* End PBXProject section */

/* Begin PBXResourcesBuildPhase section */
		D55519382D0305920056FEE9 /* Resources */ = {
			isa = PBXResourcesBuildPhase;
			buildActionMask = 2147483647;
			files = (
				D55519472D0305930056FEE9 /* Assets.xcassets in Resources */,
				D555194A2D0305930056FEE9 /* Base in Resources */,
				D55519452D0305920056FEE9 /* Base in Resources */,
			);
			runOnlyForDeploymentPostprocessing = 0;
		};
		D555194E2D0305930056FEE9 /* Resources */ = {
			isa = PBXResourcesBuildPhase;
			buildActionMask = 2147483647;
			files = (
			);
			runOnlyForDeploymentPostprocessing = 0;
		};
		D55519582D0305930056FEE9 /* Resources */ = {
			isa = PBXResourcesBuildPhase;
			buildActionMask = 2147483647;
			files = (
			);
			runOnlyForDeploymentPostprocessing = 0;
		};
/* End PBXResourcesBuildPhase section */

/* Begin PBXSourcesBuildPhase section */
		D55519362D0305920056FEE9 /* Sources */ = {
			isa = PBXSourcesBuildPhase;
			buildActionMask = 2147483647;
			files = (
				D555196E2D0307AC0056FEE9 /* MovieData.swift in Sources */,
				D55519422D0305920056FEE9 /* ViewController.swift in Sources */,
				D555193E2D0305920056FEE9 /* AppDelegate.swift in Sources */,
				D55519402D0305920056FEE9 /* SceneDelegate.swift in Sources */,
			);
			runOnlyForDeploymentPostprocessing = 0;
		};
		D555194C2D0305930056FEE9 /* Sources */ = {
			isa = PBXSourcesBuildPhase;
			buildActionMask = 2147483647;
			files = (
				D55519552D0305930056FEE9 /* FetchDataProject2222Tests.swift in Sources */,
			);
			runOnlyForDeploymentPostprocessing = 0;
		};
		D55519562D0305930056FEE9 /* Sources */ = {
			isa = PBXSourcesBuildPhase;
			buildActionMask = 2147483647;
			files = (
				D555195F2D0305930056FEE9 /* FetchDataProject2222UITests.swift in Sources */,
				D55519612D0305930056FEE9 /* FetchDataProject2222UITestsLaunchTests.swift in Sources */,
			);
			runOnlyForDeploymentPostprocessing = 0;
		};
/* End PBXSourcesBuildPhase section */

/* Begin PBXTargetDependency section */
		D55519522D0305930056FEE9 /* PBXTargetDependency */ = {
			isa = PBXTargetDependency;
			target = D55519392D0305920056FEE9 /* FetchDataProject2222 */;
			targetProxy = D55519512D0305930056FEE9 /* PBXContainerItemProxy */;
		};
		D555195C2D0305930056FEE9 /* PBXTargetDependency */ = {
			isa = PBXTargetDependency;
			target = D55519392D0305920056FEE9 /* FetchDataProject2222 */;
			targetProxy = D555195B2D0305930056FEE9 /* PBXContainerItemProxy */;
		};
/* End PBXTargetDependency section */

/* Begin PBXVariantGroup section */
		D55519432D0305920056FEE9 /* Main.storyboard */ = {
			isa = PBXVariantGroup;
			children = (
				D55519442D0305920056FEE9 /* Base */,
			);
			name = Main.storyboard;
			sourceTree = "<group>";
		};
		D55519482D0305930056FEE9 /* LaunchScreen.storyboard */ = {
			isa = PBXVariantGroup;
			children = (
				D55519492D0305930056FEE9 /* Base */,
			);
			name = LaunchScreen.storyboard;
			sourceTree = "<group>";
		};
/* End PBXVariantGroup section */

/* Begin XCBuildConfiguration section */
		D55519622D0305930056FEE9 /* Debug */ = {
			isa = XCBuildConfiguration;
			buildSettings = {
				ALWAYS_SEARCH_USER_PATHS = NO;
				ASSETCATALOG_COMPILER_GENERATE_SWIFT_ASSET_SYMBOL_EXTENSIONS = YES;
				CLANG_ANALYZER_NONNULL = YES;
				CLANG_ANALYZER_NUMBER_OBJECT_CONVERSION = YES_AGGRESSIVE;
				CLANG_CXX_LANGUAGE_STANDARD = "gnu++20";
				CLANG_ENABLE_MODULES = YES;
				CLANG_ENABLE_OBJC_ARC = YES;
				CLANG_ENABLE_OBJC_WEAK = YES;
				CLANG_WARN_BLOCK_CAPTURE_AUTORELEASING = YES;
				CLANG_WARN_BOOL_CONVERSION = YES;
				CLANG_WARN_COMMA = YES;
				CLANG_WARN_CONSTANT_CONVERSION = YES;
				CLANG_WARN_DEPRECATED_OBJC_IMPLEMENTATIONS = YES;
				CLANG_WARN_DIRECT_OBJC_ISA_USAGE = YES_ERROR;
				CLANG_WARN_DOCUMENTATION_COMMENTS = YES;
				CLANG_WARN_EMPTY_BODY = YES;
				CLANG_WARN_ENUM_CONVERSION = YES;
				CLANG_WARN_INFINITE_RECURSION = YES;
				CLANG_WARN_INT_CONVERSION = YES;
				CLANG_WARN_NON_LITERAL_NULL_CONVERSION = YES;
				CLANG_WARN_OBJC_IMPLICIT_RETAIN_SELF = YES;
				CLANG_WARN_OBJC_LITERAL_CONVERSION = YES;
				CLANG_WARN_OBJC_ROOT_CLASS = YES_ERROR;
				CLANG_WARN_QUOTED_INCLUDE_IN_FRAMEWORK_HEADER = YES;
				CLANG_WARN_RANGE_LOOP_ANALYSIS = YES;
				CLANG_WARN_STRICT_PROTOTYPES = YES;
				CLANG_WARN_SUSPICIOUS_MOVE = YES;
				CLANG_WARN_UNGUARDED_AVAILABILITY = YES_AGGRESSIVE;
				CLANG_WARN_UNREACHABLE_CODE = YES;
				CLANG_WARN__DUPLICATE_METHOD_MATCH = YES;
				COPY_PHASE_STRIP = NO;
				DEBUG_INFORMATION_FORMAT = dwarf;
				ENABLE_STRICT_OBJC_MSGSEND = YES;
				ENABLE_TESTABILITY = YES;
				ENABLE_USER_SCRIPT_SANDBOXING = YES;
				GCC_C_LANGUAGE_STANDARD = gnu17;
				GCC_DYNAMIC_NO_PIC = NO;
				GCC_NO_COMMON_BLOCKS = YES;
				GCC_OPTIMIZATION_LEVEL = 0;
				GCC_PREPROCESSOR_DEFINITIONS = (
					"DEBUG=1",
					"$(inherited)",
				);
				GCC_WARN_64_TO_32_BIT_CONVERSION = YES;
				GCC_WARN_ABOUT_RETURN_TYPE = YES_ERROR;
				GCC_WARN_UNDECLARED_SELECTOR = YES;
				GCC_WARN_UNINITIALIZED_AUTOS = YES_AGGRESSIVE;
				GCC_WARN_UNUSED_FUNCTION = YES;
				GCC_WARN_UNUSED_VARIABLE = YES;
				IPHONEOS_DEPLOYMENT_TARGET = 17.5;
				LOCALIZATION_PREFERS_STRING_CATALOGS = YES;
				MTL_ENABLE_DEBUG_INFO = INCLUDE_SOURCE;
				MTL_FAST_MATH = YES;
				ONLY_ACTIVE_ARCH = YES;
				SDKROOT = iphoneos;
				SWIFT_ACTIVE_COMPILATION_CONDITIONS = "DEBUG $(inherited)";
				SWIFT_OPTIMIZATION_LEVEL = "-Onone";
			};
			name = Debug;
		};
		D55519632D0305930056FEE9 /* Release */ = {
			isa = XCBuildConfiguration;
			buildSettings = {
				ALWAYS_SEARCH_USER_PATHS = NO;
				ASSETCATALOG_COMPILER_GENERATE_SWIFT_ASSET_SYMBOL_EXTENSIONS = YES;
				CLANG_ANALYZER_NONNULL = YES;
				CLANG_ANALYZER_NUMBER_OBJECT_CONVERSION = YES_AGGRESSIVE;
				CLANG_CXX_LANGUAGE_STANDARD = "gnu++20";
				CLANG_ENABLE_MODULES = YES;
				CLANG_ENABLE_OBJC_ARC = YES;
				CLANG_ENABLE_OBJC_WEAK = YES;
				CLANG_WARN_BLOCK_CAPTURE_AUTORELEASING = YES;
				CLANG_WARN_BOOL_CONVERSION = YES;
				CLANG_WARN_COMMA = YES;
				CLANG_WARN_CONSTANT_CONVERSION = YES;
				CLANG_WARN_DEPRECATED_OBJC_IMPLEMENTATIONS = YES;
				CLANG_WARN_DIRECT_OBJC_ISA_USAGE = YES_ERROR;
				CLANG_WARN_DOCUMENTATION_COMMENTS = YES;
				CLANG_WARN_EMPTY_BODY = YES;
				CLANG_WARN_ENUM_CONVERSION = YES;
				CLANG_WARN_INFINITE_RECURSION = YES;
				CLANG_WARN_INT_CONVERSION = YES;
				CLANG_WARN_NON_LITERAL_NULL_CONVERSION = YES;
				CLANG_WARN_OBJC_IMPLICIT_RETAIN_SELF = YES;
				CLANG_WARN_OBJC_LITERAL_CONVERSION = YES;
				CLANG_WARN_OBJC_ROOT_CLASS = YES_ERROR;
				CLANG_WARN_QUOTED_INCLUDE_IN_FRAMEWORK_HEADER = YES;
				CLANG_WARN_RANGE_LOOP_ANALYSIS = YES;
				CLANG_WARN_STRICT_PROTOTYPES = YES;
				CLANG_WARN_SUSPICIOUS_MOVE = YES;
				CLANG_WARN_UNGUARDED_AVAILABILITY = YES_AGGRESSIVE;
				CLANG_WARN_UNREACHABLE_CODE = YES;
				CLANG_WARN__DUPLICATE_METHOD_MATCH = YES;
				COPY_PHASE_STRIP = NO;
				DEBUG_INFORMATION_FORMAT = "dwarf-with-dsym";
				ENABLE_NS_ASSERTIONS = NO;
				ENABLE_STRICT_OBJC_MSGSEND = YES;
				ENABLE_USER_SCRIPT_SANDBOXING = YES;
				GCC_C_LANGUAGE_STANDARD = gnu17;
				GCC_NO_COMMON_BLOCKS = YES;
				GCC_WARN_64_TO_32_BIT_CONVERSION = YES;
				GCC_WARN_ABOUT_RETURN_TYPE = YES_ERROR;
				GCC_WARN_UNDECLARED_SELECTOR = YES;
				GCC_WARN_UNINITIALIZED_AUTOS = YES_AGGRESSIVE;
				GCC_WARN_UNUSED_FUNCTION = YES;
				GCC_WARN_UNUSED_VARIABLE = YES;
				IPHONEOS_DEPLOYMENT_TARGET = 17.5;
				LOCALIZATION_PREFERS_STRING_CATALOGS = YES;
				MTL_ENABLE_DEBUG_INFO = NO;
				MTL_FAST_MATH = YES;
				SDKROOT = iphoneos;
				SWIFT_COMPILATION_MODE = wholemodule;
				VALIDATE_PRODUCT = YES;
			};
			name = Release;
		};
		D55519652D0305930056FEE9 /* Debug */ = {
			isa = XCBuildConfiguration;
			buildSettings = {
				ASSETCATALOG_COMPILER_APPICON_NAME = AppIcon;
				ASSETCATALOG_COMPILER_GLOBAL_ACCENT_COLOR_NAME = AccentColor;
				CODE_SIGN_STYLE = Automatic;
				CURRENT_PROJECT_VERSION = 1;
				GENERATE_INFOPLIST_FILE = YES;
				INFOPLIST_FILE = FetchDataProject2222/Info.plist;
				INFOPLIST_KEY_UIApplicationSupportsIndirectInputEvents = YES;
				INFOPLIST_KEY_UILaunchStoryboardName = LaunchScreen;
				INFOPLIST_KEY_UIMainStoryboardFile = Main;
				INFOPLIST_KEY_UISupportedInterfaceOrientations_iPad = "UIInterfaceOrientationPortrait UIInterfaceOrientationPortraitUpsideDown UIInterfaceOrientationLandscapeLeft UIInterfaceOrientationLandscapeRight";
				INFOPLIST_KEY_UISupportedInterfaceOrientations_iPhone = "UIInterfaceOrientationPortrait UIInterfaceOrientationLandscapeLeft UIInterfaceOrientationLandscapeRight";
				LD_RUNPATH_SEARCH_PATHS = (
					"$(inherited)",
					"@executable_path/Frameworks",
				);
				MARKETING_VERSION = 1.0;
				PRODUCT_BUNDLE_IDENTIFIER = manasi.FetchDataProject2222;
				PRODUCT_NAME = "$(TARGET_NAME)";
				SWIFT_EMIT_LOC_STRINGS = YES;
				SWIFT_VERSION = 5.0;
				TARGETED_DEVICE_FAMILY = "1,2";
			};
			name = Debug;
		};
		D55519662D0305930056FEE9 /* Release */ = {
			isa = XCBuildConfiguration;
			buildSettings = {
				ASSETCATALOG_COMPILER_APPICON_NAME = AppIcon;
				ASSETCATALOG_COMPILER_GLOBAL_ACCENT_COLOR_NAME = AccentColor;
				CODE_SIGN_STYLE = Automatic;
				CURRENT_PROJECT_VERSION = 1;
				GENERATE_INFOPLIST_FILE = YES;
				INFOPLIST_FILE = FetchDataProject2222/Info.plist;
				INFOPLIST_KEY_UIApplicationSupportsIndirectInputEvents = YES;
				INFOPLIST_KEY_UILaunchStoryboardName = LaunchScreen;
				INFOPLIST_KEY_UIMainStoryboardFile = Main;
				INFOPLIST_KEY_UISupportedInterfaceOrientations_iPad = "UIInterfaceOrientationPortrait UIInterfaceOrientationPortraitUpsideDown UIInterfaceOrientationLandscapeLeft UIInterfaceOrientationLandscapeRight";
				INFOPLIST_KEY_UISupportedInterfaceOrientations_iPhone = "UIInterfaceOrientationPortrait UIInterfaceOrientationLandscapeLeft UIInterfaceOrientationLandscapeRight";
				LD_RUNPATH_SEARCH_PATHS = (
					"$(inherited)",
					"@executable_path/Frameworks",
				);
				MARKETING_VERSION = 1.0;
				PRODUCT_BUNDLE_IDENTIFIER = manasi.FetchDataProject2222;
				PRODUCT_NAME = "$(TARGET_NAME)";
				SWIFT_EMIT_LOC_STRINGS = YES;
				SWIFT_VERSION = 5.0;
				TARGETED_DEVICE_FAMILY = "1,2";
			};
			name = Release;
		};
		D55519682D0305930056FEE9 /* Debug */ = {
			isa = XCBuildConfiguration;
			buildSettings = {
				ALWAYS_EMBED_SWIFT_STANDARD_LIBRARIES = YES;
				BUNDLE_LOADER = "$(TEST_HOST)";
				CODE_SIGN_STYLE = Automatic;
				CURRENT_PROJECT_VERSION = 1;
				GENERATE_INFOPLIST_FILE = YES;
				IPHONEOS_DEPLOYMENT_TARGET = 17.5;
				MARKETING_VERSION = 1.0;
				PRODUCT_BUNDLE_IDENTIFIER = manasi.FetchDataProject2222Tests;
				PRODUCT_NAME = "$(TARGET_NAME)";
				SWIFT_EMIT_LOC_STRINGS = NO;
				SWIFT_VERSION = 5.0;
				TARGETED_DEVICE_FAMILY = "1,2";
				TEST_HOST = "$(BUILT_PRODUCTS_DIR)/FetchDataProject2222.app/$(BUNDLE_EXECUTABLE_FOLDER_PATH)/FetchDataProject2222";
			};
			name = Debug;
		};
		D55519692D0305930056FEE9 /* Release */ = {
			isa = XCBuildConfiguration;
			buildSettings = {
				ALWAYS_EMBED_SWIFT_STANDARD_LIBRARIES = YES;
				BUNDLE_LOADER = "$(TEST_HOST)";
				CODE_SIGN_STYLE = Automatic;
				CURRENT_PROJECT_VERSION = 1;
				GENERATE_INFOPLIST_FILE = YES;
				IPHONEOS_DEPLOYMENT_TARGET = 17.5;
				MARKETING_VERSION = 1.0;
				PRODUCT_BUNDLE_IDENTIFIER = manasi.FetchDataProject2222Tests;
				PRODUCT_NAME = "$(TARGET_NAME)";
				SWIFT_EMIT_LOC_STRINGS = NO;
				SWIFT_VERSION = 5.0;
				TARGETED_DEVICE_FAMILY = "1,2";
				TEST_HOST = "$(BUILT_PRODUCTS_DIR)/FetchDataProject2222.app/$(BUNDLE_EXECUTABLE_FOLDER_PATH)/FetchDataProject2222";
			};
			name = Release;
		};
		D555196B2D0305930056FEE9 /* Debug */ = {
			isa = XCBuildConfiguration;
			buildSettings = {
				ALWAYS_EMBED_SWIFT_STANDARD_LIBRARIES = YES;
				CODE_SIGN_STYLE = Automatic;
				CURRENT_PROJECT_VERSION = 1;
				GENERATE_INFOPLIST_FILE = YES;
				MARKETING_VERSION = 1.0;
				PRODUCT_BUNDLE_IDENTIFIER = manasi.FetchDataProject2222UITests;
				PRODUCT_NAME = "$(TARGET_NAME)";
				SWIFT_EMIT_LOC_STRINGS = NO;
				SWIFT_VERSION = 5.0;
				TARGETED_DEVICE_FAMILY = "1,2";
				TEST_TARGET_NAME = FetchDataProject2222;
			};
			name = Debug;
		};
		D555196C2D0305930056FEE9 /* Release */ = {
			isa = XCBuildConfiguration;
			buildSettings = {
				ALWAYS_EMBED_SWIFT_STANDARD_LIBRARIES = YES;
				CODE_SIGN_STYLE = Automatic;
				CURRENT_PROJECT_VERSION = 1;
				GENERATE_INFOPLIST_FILE = YES;
				MARKETING_VERSION = 1.0;
				PRODUCT_BUNDLE_IDENTIFIER = manasi.FetchDataProject2222UITests;
				PRODUCT_NAME = "$(TARGET_NAME)";
				SWIFT_EMIT_LOC_STRINGS = NO;
				SWIFT_VERSION = 5.0;
				TARGETED_DEVICE_FAMILY = "1,2";
				TEST_TARGET_NAME = FetchDataProject2222;
			};
			name = Release;
		};
/* End XCBuildConfiguration section */

/* Begin XCConfigurationList section */
		D55519352D0305910056FEE9 /* Build configuration list for PBXProject "FetchDataProject2222" */ = {
			isa = XCConfigurationList;
			buildConfigurations = (
				D55519622D0305930056FEE9 /* Debug */,
				D55519632D0305930056FEE9 /* Release */,
			);
			defaultConfigurationIsVisible = 0;
			defaultConfigurationName = Release;
		};
		D55519642D0305930056FEE9 /* Build configuration list for PBXNativeTarget "FetchDataProject2222" */ = {
			isa = XCConfigurationList;
			buildConfigurations = (
				D55519652D0305930056FEE9 /* Debug */,
				D55519662D0305930056FEE9 /* Release */,
			);
			defaultConfigurationIsVisible = 0;
			defaultConfigurationName = Release;
		};
		D55519672D0305930056FEE9 /* Build configuration list for PBXNativeTarget "FetchDataProject2222Tests" */ = {
			isa = XCConfigurationList;
			buildConfigurations = (
				D55519682D0305930056FEE9 /* Debug */,
				D55519692D0305930056FEE9 /* Release */,
			);
			defaultConfigurationIsVisible = 0;
			defaultConfigurationName = Release;
		};
		D555196A2D0305930056FEE9 /* Build configuration list for PBXNativeTarget "FetchDataProject2222UITests" */ = {
			isa = XCConfigurationList;
			buildConfigurations = (
				D555196B2D0305930056FEE9 /* Debug */,
				D555196C2D0305930056FEE9 /* Release */,
			);
			defaultConfigurationIsVisible = 0;
			defaultConfigurationName = Release;
		};
/* End XCConfigurationList section */
	};
	rootObject = D55519322D0305910056FEE9 /* Project object */;
}
